
Microsoft Visual Studio Solution File, Format Version 12.00
# Visual Studio Version 16
VisualStudioVersion = 16.0.33920.266
MinimumVisualStudioVersion = 10.0.40219.1
Project("{FAE04EC0-301F-11D3-BF4B-00C04F79EFBC}") = "Conveyor", "Conveyor\Conveyor.csproj", "{04596529-5248-49D1-A627-02DA7D25C9D2}"
EndProject
Global
	GlobalSection(SolutionConfigurationPlatforms) = preSolution
		Debug|Any CPU = Debug|Any CPU
		Release|Any CPU = Release|Any CPU
	EndGlobalSection
	GlobalSection(ProjectConfigurationPlatforms) = postSolution
		{04596529-5248-49D1-A627-02DA7D25C9D2}.Debug|Any CPU.ActiveCfg = Debug|Any CPU
		{04596529-5248-49D1-A627-02DA7D25C9D2}.Debug|Any CPU.Build.0 = Debug|Any CPU
		{04596529-5248-49D1-A627-02DA7D25C9D2}.Release|Any CPU.ActiveCfg = Release|Any CPU
		{04596529-5248-49D1-A627-02DA7D25C9D2}.Release|Any CPU.Build.0 = Release|Any CPU
	EndGlobalSection
	GlobalSection(SolutionProperties) = preSolution
		HideSolutionNode = FALSE
	EndGlobalSection
	GlobalSection(ExtensibilityGlobals) = postSolution
		SolutionGuid = {AA011753-1956-4CBC-87C4-907A632660BE}
	EndGlobalSection
EndGlobal
